
Microsoft Visual Studio Solution File, Format Version 12.00
# Visual Studio Version 16
VisualStudioVersion = 16.0.30517.126
MinimumVisualStudioVersion = 10.0.40219.1
Project("{9A19103F-16F7-4668-BE54-9A1E7A4F7556}") = "IdentityServer", "IdentityServer\IdentityServer.csproj", "{1423355F-568B-4834-A76D-6E7C92B05462}"
EndProject
Project("{2150E333-8FDC-42A3-9474-1A3956D46DE8}") = "OAuth", "OAuth", "{D7F30A9D-648C-4647-A998-F4F19DEB9ABB}"
EndProject
Project("{2150E333-8FDC-42A3-9474-1A3956D46DE8}") = "CustomerService", "CustomerService", "{30D404E1-0805-41FB-8B8D-9B0A5B5E6324}"
EndProject
Project("{2150E333-8FDC-42A3-9474-1A3956D46DE8}") = "AccountService", "AccountService", "{DE165D67-E016-4742-9E75-D2131FBF99AC}"
EndProject
Project("{2150E333-8FDC-42A3-9474-1A3956D46DE8}") = "StatementService", "StatementService", "{F7831788-6A5A-4048-8952-7EB02D06FABA}"
EndProject
Project("{FAE04EC0-301F-11D3-BF4B-00C04F79EFBC}") = "CustomerService.Core", "CustomerService.Core\CustomerService.Core.csproj", "{6F4E4992-1B9D-459D-9B34-AA21357039A8}"
EndProject
Project("{FAE04EC0-301F-11D3-BF4B-00C04F79EFBC}") = "CustomerService.Infrastructure", "CustomerService.Infrastructure\CustomerService.Infrastructure.csproj", "{29E1DA48-A561-4CA2-B88A-1D0307CBCED4}"
EndProject
Project("{FAE04EC0-301F-11D3-BF4B-00C04F79EFBC}") = "CustomerService.API", "CustomerService.API\CustomerService.API.csproj", "{2E7A7383-C65C-4710-B0C5-C40110607681}"
EndProject
Project("{FAE04EC0-301F-11D3-BF4B-00C04F79EFBC}") = "AccountService.Core", "AccountService.Core\AccountService.Core.csproj", "{D0586FDD-02D5-4C96-B3D3-76C6D27CAA96}"
EndProject
Project("{FAE04EC0-301F-11D3-BF4B-00C04F79EFBC}") = "AccountService.Infrastructure", "AccountService.Infrastructure\AccountService.Infrastructure.csproj", "{A49BB00D-BB72-4BCF-BCEC-876761CDF9DD}"
EndProject
Project("{FAE04EC0-301F-11D3-BF4B-00C04F79EFBC}") = "AccountService.API", "AccountService.API\AccountService.API.csproj", "{ABF0EB3A-1B35-4F3E-9A50-4A69963BA484}"
EndProject
Project("{FAE04EC0-301F-11D3-BF4B-00C04F79EFBC}") = "StatementService.API", "StatementService.API\StatementService.API.csproj", "{047727E7-F69F-4DCB-A155-18F674DE4C76}"
EndProject
Project("{FAE04EC0-301F-11D3-BF4B-00C04F79EFBC}") = "StatementService.Infrastructure", "StatementService.Infrastructure\StatementService.Infrastructure.csproj", "{FB373FFA-770F-4D93-9943-DCFCADAD341E}"
EndProject
Project("{FAE04EC0-301F-11D3-BF4B-00C04F79EFBC}") = "StatementService.Core", "StatementService.Core\StatementService.Core.csproj", "{E38E98B7-D1DC-43BA-965D-E7F689FC597D}"
EndProject
Global
	GlobalSection(SolutionConfigurationPlatforms) = preSolution
		Debug|Any CPU = Debug|Any CPU
		Debug|x64 = Debug|x64
		Debug|x86 = Debug|x86
		Release|Any CPU = Release|Any CPU
		Release|x64 = Release|x64
		Release|x86 = Release|x86
	EndGlobalSection
	GlobalSection(ProjectConfigurationPlatforms) = postSolution
		{1423355F-568B-4834-A76D-6E7C92B05462}.Debug|Any CPU.ActiveCfg = Debug|Any CPU
		{1423355F-568B-4834-A76D-6E7C92B05462}.Debug|Any CPU.Build.0 = Debug|Any CPU
		{1423355F-568B-4834-A76D-6E7C92B05462}.Debug|x64.ActiveCfg = Debug|Any CPU
		{1423355F-568B-4834-A76D-6E7C92B05462}.Debug|x64.Build.0 = Debug|Any CPU
		{1423355F-568B-4834-A76D-6E7C92B05462}.Debug|x86.ActiveCfg = Debug|Any CPU
		{1423355F-568B-4834-A76D-6E7C92B05462}.Debug|x86.Build.0 = Debug|Any CPU
		{1423355F-568B-4834-A76D-6E7C92B05462}.Release|Any CPU.ActiveCfg = Release|Any CPU
		{1423355F-568B-4834-A76D-6E7C92B05462}.Release|Any CPU.Build.0 = Release|Any CPU
		{1423355F-568B-4834-A76D-6E7C92B05462}.Release|x64.ActiveCfg = Release|Any CPU
		{1423355F-568B-4834-A76D-6E7C92B05462}.Release|x64.Build.0 = Release|Any CPU
		{1423355F-568B-4834-A76D-6E7C92B05462}.Release|x86.ActiveCfg = Release|Any CPU
		{1423355F-568B-4834-A76D-6E7C92B05462}.Release|x86.Build.0 = Release|Any CPU
		{6F4E4992-1B9D-459D-9B34-AA21357039A8}.Debug|Any CPU.ActiveCfg = Debug|Any CPU
		{6F4E4992-1B9D-459D-9B34-AA21357039A8}.Debug|Any CPU.Build.0 = Debug|Any CPU
		{6F4E4992-1B9D-459D-9B34-AA21357039A8}.Debug|x64.ActiveCfg = Debug|Any CPU
		{6F4E4992-1B9D-459D-9B34-AA21357039A8}.Debug|x64.Build.0 = Debug|Any CPU
		{6F4E4992-1B9D-459D-9B34-AA21357039A8}.Debug|x86.ActiveCfg = Debug|Any CPU
		{6F4E4992-1B9D-459D-9B34-AA21357039A8}.Debug|x86.Build.0 = Debug|Any CPU
		{6F4E4992-1B9D-459D-9B34-AA21357039A8}.Release|Any CPU.ActiveCfg = Release|Any CPU
		{6F4E4992-1B9D-459D-9B34-AA21357039A8}.Release|Any CPU.Build.0 = Release|Any CPU
		{6F4E4992-1B9D-459D-9B34-AA21357039A8}.Release|x64.ActiveCfg = Release|Any CPU
		{6F4E4992-1B9D-459D-9B34-AA21357039A8}.Release|x64.Build.0 = Release|Any CPU
		{6F4E4992-1B9D-459D-9B34-AA21357039A8}.Release|x86.ActiveCfg = Release|Any CPU
		{6F4E4992-1B9D-459D-9B34-AA21357039A8}.Release|x86.Build.0 = Release|Any CPU
		{29E1DA48-A561-4CA2-B88A-1D0307CBCED4}.Debug|Any CPU.ActiveCfg = Debug|Any CPU
		{29E1DA48-A561-4CA2-B88A-1D0307CBCED4}.Debug|Any CPU.Build.0 = Debug|Any CPU
		{29E1DA48-A561-4CA2-B88A-1D0307CBCED4}.Debug|x64.ActiveCfg = Debug|Any CPU
		{29E1DA48-A561-4CA2-B88A-1D0307CBCED4}.Debug|x64.Build.0 = Debug|Any CPU
		{29E1DA48-A561-4CA2-B88A-1D0307CBCED4}.Debug|x86.ActiveCfg = Debug|Any CPU
		{29E1DA48-A561-4CA2-B88A-1D0307CBCED4}.Debug|x86.Build.0 = Debug|Any CPU
		{29E1DA48-A561-4CA2-B88A-1D0307CBCED4}.Release|Any CPU.ActiveCfg = Release|Any CPU
		{29E1DA48-A561-4CA2-B88A-1D0307CBCED4}.Release|Any CPU.Build.0 = Release|Any CPU
		{29E1DA48-A561-4CA2-B88A-1D0307CBCED4}.Release|x64.ActiveCfg = Release|Any CPU
		{29E1DA48-A561-4CA2-B88A-1D0307CBCED4}.Release|x64.Build.0 = Release|Any CPU
		{29E1DA48-A561-4CA2-B88A-1D0307CBCED4}.Release|x86.ActiveCfg = Release|Any CPU
		{29E1DA48-A561-4CA2-B88A-1D0307CBCED4}.Release|x86.Build.0 = Release|Any CPU
		{2E7A7383-C65C-4710-B0C5-C40110607681}.Debug|Any CPU.ActiveCfg = Debug|Any CPU
		{2E7A7383-C65C-4710-B0C5-C40110607681}.Debug|Any CPU.Build.0 = Debug|Any CPU
		{2E7A7383-C65C-4710-B0C5-C40110607681}.Debug|x64.ActiveCfg = Debug|Any CPU
		{2E7A7383-C65C-4710-B0C5-C40110607681}.Debug|x64.Build.0 = Debug|Any CPU
		{2E7A7383-C65C-4710-B0C5-C40110607681}.Debug|x86.ActiveCfg = Debug|Any CPU
		{2E7A7383-C65C-4710-B0C5-C40110607681}.Debug|x86.Build.0 = Debug|Any CPU
		{2E7A7383-C65C-4710-B0C5-C40110607681}.Release|Any CPU.ActiveCfg = Release|Any CPU
		{2E7A7383-C65C-4710-B0C5-C40110607681}.Release|Any CPU.Build.0 = Release|Any CPU
		{2E7A7383-C65C-4710-B0C5-C40110607681}.Release|x64.ActiveCfg = Release|Any CPU
		{2E7A7383-C65C-4710-B0C5-C40110607681}.Release|x64.Build.0 = Release|Any CPU
		{2E7A7383-C65C-4710-B0C5-C40110607681}.Release|x86.ActiveCfg = Release|Any CPU
		{2E7A7383-C65C-4710-B0C5-C40110607681}.Release|x86.Build.0 = Release|Any CPU
		{D0586FDD-02D5-4C96-B3D3-76C6D27CAA96}.Debug|Any CPU.ActiveCfg = Debug|Any CPU
		{D0586FDD-02D5-4C96-B3D3-76C6D27CAA96}.Debug|Any CPU.Build.0 = Debug|Any CPU
		{D0586FDD-02D5-4C96-B3D3-76C6D27CAA96}.Debug|x64.ActiveCfg = Debug|Any CPU
		{D0586FDD-02D5-4C96-B3D3-76C6D27CAA96}.Debug|x64.Build.0 = Debug|Any CPU
		{D0586FDD-02D5-4C96-B3D3-76C6D27CAA96}.Debug|x86.ActiveCfg = Debug|Any CPU
		{D0586FDD-02D5-4C96-B3D3-76C6D27CAA96}.Debug|x86.Build.0 = Debug|Any CPU
		{D0586FDD-02D5-4C96-B3D3-76C6D27CAA96}.Release|Any CPU.ActiveCfg = Release|Any CPU
		{D0586FDD-02D5-4C96-B3D3-76C6D27CAA96}.Release|Any CPU.Build.0 = Release|Any CPU
		{D0586FDD-02D5-4C96-B3D3-76C6D27CAA96}.Release|x64.ActiveCfg = Release|Any CPU
		{D0586FDD-02D5-4C96-B3D3-76C6D27CAA96}.Release|x64.Build.0 = Release|Any CPU
		{D0586FDD-02D5-4C96-B3D3-76C6D27CAA96}.Release|x86.ActiveCfg = Release|Any CPU
		{D0586FDD-02D5-4C96-B3D3-76C6D27CAA96}.Release|x86.Build.0 = Release|Any CPU
		{A49BB00D-BB72-4BCF-BCEC-876761CDF9DD}.Debug|Any CPU.ActiveCfg = Debug|Any CPU
		{A49BB00D-BB72-4BCF-BCEC-876761CDF9DD}.Debug|Any CPU.Build.0 = Debug|Any CPU
		{A49BB00D-BB72-4BCF-BCEC-876761CDF9DD}.Debug|x64.ActiveCfg = Debug|Any CPU
		{A49BB00D-BB72-4BCF-BCEC-876761CDF9DD}.Debug|x64.Build.0 = Debug|Any CPU
		{A49BB00D-BB72-4BCF-BCEC-876761CDF9DD}.Debug|x86.ActiveCfg = Debug|Any CPU
		{A49BB00D-BB72-4BCF-BCEC-876761CDF9DD}.Debug|x86.Build.0 = Debug|Any CPU
		{A49BB00D-BB72-4BCF-BCEC-876761CDF9DD}.Release|Any CPU.ActiveCfg = Release|Any CPU
		{A49BB00D-BB72-4BCF-BCEC-876761CDF9DD}.Release|Any CPU.Build.0 = Release|Any CPU
		{A49BB00D-BB72-4BCF-BCEC-876761CDF9DD}.Release|x64.ActiveCfg = Release|Any CPU
		{A49BB00D-BB72-4BCF-BCEC-876761CDF9DD}.Release|x64.Build.0 = Release|Any CPU
		{A49BB00D-BB72-4BCF-BCEC-876761CDF9DD}.Release|x86.ActiveCfg = Release|Any CPU
		{A49BB00D-BB72-4BCF-BCEC-876761CDF9DD}.Release|x86.Build.0 = Release|Any CPU
		{ABF0EB3A-1B35-4F3E-9A50-4A69963BA484}.Debug|Any CPU.ActiveCfg = Debug|Any CPU
		{ABF0EB3A-1B35-4F3E-9A50-4A69963BA484}.Debug|Any CPU.Build.0 = Debug|Any CPU
		{ABF0EB3A-1B35-4F3E-9A50-4A69963BA484}.Debug|x64.ActiveCfg = Debug|Any CPU
		{ABF0EB3A-1B35-4F3E-9A50-4A69963BA484}.Debug|x64.Build.0 = Debug|Any CPU
		{ABF0EB3A-1B35-4F3E-9A50-4A69963BA484}.Debug|x86.ActiveCfg = Debug|Any CPU
		{ABF0EB3A-1B35-4F3E-9A50-4A69963BA484}.Debug|x86.Build.0 = Debug|Any CPU
		{ABF0EB3A-1B35-4F3E-9A50-4A69963BA484}.Release|Any CPU.ActiveCfg = Release|Any CPU
		{ABF0EB3A-1B35-4F3E-9A50-4A69963BA484}.Release|Any CPU.Build.0 = Release|Any CPU
		{ABF0EB3A-1B35-4F3E-9A50-4A69963BA484}.Release|x64.ActiveCfg = Release|Any CPU
		{ABF0EB3A-1B35-4F3E-9A50-4A69963BA484}.Release|x64.Build.0 = Release|Any CPU
		{ABF0EB3A-1B35-4F3E-9A50-4A69963BA484}.Release|x86.ActiveCfg = Release|Any CPU
		{ABF0EB3A-1B35-4F3E-9A50-4A69963BA484}.Release|x86.Build.0 = Release|Any CPU
		{047727E7-F69F-4DCB-A155-18F674DE4C76}.Debug|Any CPU.ActiveCfg = Debug|Any CPU
		{047727E7-F69F-4DCB-A155-18F674DE4C76}.Debug|Any CPU.Build.0 = Debug|Any CPU
		{047727E7-F69F-4DCB-A155-18F674DE4C76}.Debug|x64.ActiveCfg = Debug|Any CPU
		{047727E7-F69F-4DCB-A155-18F674DE4C76}.Debug|x64.Build.0 = Debug|Any CPU
		{047727E7-F69F-4DCB-A155-18F674DE4C76}.Debug|x86.ActiveCfg = Debug|Any CPU
		{047727E7-F69F-4DCB-A155-18F674DE4C76}.Debug|x86.Build.0 = Debug|Any CPU
		{047727E7-F69F-4DCB-A155-18F674DE4C76}.Release|Any CPU.ActiveCfg = Release|Any CPU
		{047727E7-F69F-4DCB-A155-18F674DE4C76}.Release|Any CPU.Build.0 = Release|Any CPU
		{047727E7-F69F-4DCB-A155-18F674DE4C76}.Release|x64.ActiveCfg = Release|Any CPU
		{047727E7-F69F-4DCB-A155-18F674DE4C76}.Release|x64.Build.0 = Release|Any CPU
		{047727E7-F69F-4DCB-A155-18F674DE4C76}.Release|x86.ActiveCfg = Release|Any CPU
		{047727E7-F69F-4DCB-A155-18F674DE4C76}.Release|x86.Build.0 = Release|Any CPU
		{FB373FFA-770F-4D93-9943-DCFCADAD341E}.Debug|Any CPU.ActiveCfg = Debug|Any CPU
		{FB373FFA-770F-4D93-9943-DCFCADAD341E}.Debug|Any CPU.Build.0 = Debug|Any CPU
		{FB373FFA-770F-4D93-9943-DCFCADAD341E}.Debug|x64.ActiveCfg = Debug|Any CPU
		{FB373FFA-770F-4D93-9943-DCFCADAD341E}.Debug|x64.Build.0 = Debug|Any CPU
		{FB373FFA-770F-4D93-9943-DCFCADAD341E}.Debug|x86.ActiveCfg = Debug|Any CPU
		{FB373FFA-770F-4D93-9943-DCFCADAD341E}.Debug|x86.Build.0 = Debug|Any CPU
		{FB373FFA-770F-4D93-9943-DCFCADAD341E}.Release|Any CPU.ActiveCfg = Release|Any CPU
		{FB373FFA-770F-4D93-9943-DCFCADAD341E}.Release|Any CPU.Build.0 = Release|Any CPU
		{FB373FFA-770F-4D93-9943-DCFCADAD341E}.Release|x64.ActiveCfg = Release|Any CPU
		{FB373FFA-770F-4D93-9943-DCFCADAD341E}.Release|x64.Build.0 = Release|Any CPU
		{FB373FFA-770F-4D93-9943-DCFCADAD341E}.Release|x86.ActiveCfg = Release|Any CPU
		{FB373FFA-770F-4D93-9943-DCFCADAD341E}.Release|x86.Build.0 = Release|Any CPU
		{E38E98B7-D1DC-43BA-965D-E7F689FC597D}.Debug|Any CPU.ActiveCfg = Debug|Any CPU
		{E38E98B7-D1DC-43BA-965D-E7F689FC597D}.Debug|Any CPU.Build.0 = Debug|Any CPU
		{E38E98B7-D1DC-43BA-965D-E7F689FC597D}.Debug|x64.ActiveCfg = Debug|Any CPU
		{E38E98B7-D1DC-43BA-965D-E7F689FC597D}.Debug|x64.Build.0 = Debug|Any CPU
		{E38E98B7-D1DC-43BA-965D-E7F689FC597D}.Debug|x86.ActiveCfg = Debug|Any CPU
		{E38E98B7-D1DC-43BA-965D-E7F689FC597D}.Debug|x86.Build.0 = Debug|Any CPU
		{E38E98B7-D1DC-43BA-965D-E7F689FC597D}.Release|Any CPU.ActiveCfg = Release|Any CPU
		{E38E98B7-D1DC-43BA-965D-E7F689FC597D}.Release|Any CPU.Build.0 = Release|Any CPU
		{E38E98B7-D1DC-43BA-965D-E7F689FC597D}.Release|x64.ActiveCfg = Release|Any CPU
		{E38E98B7-D1DC-43BA-965D-E7F689FC597D}.Release|x64.Build.0 = Release|Any CPU
		{E38E98B7-D1DC-43BA-965D-E7F689FC597D}.Release|x86.ActiveCfg = Release|Any CPU
		{E38E98B7-D1DC-43BA-965D-E7F689FC597D}.Release|x86.Build.0 = Release|Any CPU
	EndGlobalSection
	GlobalSection(SolutionProperties) = preSolution
		HideSolutionNode = FALSE
	EndGlobalSection
	GlobalSection(NestedProjects) = preSolution
		{1423355F-568B-4834-A76D-6E7C92B05462} = {D7F30A9D-648C-4647-A998-F4F19DEB9ABB}
		{6F4E4992-1B9D-459D-9B34-AA21357039A8} = {30D404E1-0805-41FB-8B8D-9B0A5B5E6324}
		{29E1DA48-A561-4CA2-B88A-1D0307CBCED4} = {30D404E1-0805-41FB-8B8D-9B0A5B5E6324}
		{2E7A7383-C65C-4710-B0C5-C40110607681} = {30D404E1-0805-41FB-8B8D-9B0A5B5E6324}
		{D0586FDD-02D5-4C96-B3D3-76C6D27CAA96} = {DE165D67-E016-4742-9E75-D2131FBF99AC}
		{A49BB00D-BB72-4BCF-BCEC-876761CDF9DD} = {DE165D67-E016-4742-9E75-D2131FBF99AC}
		{ABF0EB3A-1B35-4F3E-9A50-4A69963BA484} = {DE165D67-E016-4742-9E75-D2131FBF99AC}
		{047727E7-F69F-4DCB-A155-18F674DE4C76} = {F7831788-6A5A-4048-8952-7EB02D06FABA}
		{FB373FFA-770F-4D93-9943-DCFCADAD341E} = {F7831788-6A5A-4048-8952-7EB02D06FABA}
		{E38E98B7-D1DC-43BA-965D-E7F689FC597D} = {F7831788-6A5A-4048-8952-7EB02D06FABA}
	EndGlobalSection
	GlobalSection(ExtensibilityGlobals) = postSolution
		SolutionGuid = {5448E8B5-2AA6-4AD9-AFA4-883C7D6EB5CF}
	EndGlobalSection
EndGlobal
